{
    "version": 3,
    "terraform_version": "0.9.8",
    "serial": 3,
    "lineage": "4a193f12-e305-4254-acbd-587bae0970a4",
    "modules": [
        {
            "path": [
                "root"
            ],
            "outputs": {
                "demo_ip": {
                    "sensitive": false,
                    "type": "string",
                    "value": "54.202.176.44"
                }
            },
            "resources": {
                "aws_instance.demo": {
                    "type": "aws_instance",
                    "depends_on": [
                        "data.terraform_remote_state.sgw2"
                    ],
                    "primary": {
                        "id": "i-0def7eb1a991ca6e1",
                        "attributes": {
                            "ami": "ami-09565f70",
                            "associate_public_ip_address": "true",
                            "availability_zone": "us-west-2a",
                            "disable_api_termination": "false",
                            "ebs_block_device.#": "0",
                            "ebs_optimized": "false",
                            "ephemeral_block_device.#": "0",
                            "iam_instance_profile": "",
                            "id": "i-0def7eb1a991ca6e1",
                            "instance_state": "running",
                            "instance_type": "t2.medium",
                            "ipv6_addresses.#": "0",
                            "key_name": "demo",
                            "monitoring": "false",
                            "network_interface.#": "0",
                            "network_interface_id": "eni-24fb4f18",
                            "primary_network_interface_id": "eni-24fb4f18",
                            "private_dns": "ip-10-210-6-9.us-west-2.compute.internal",
                            "private_ip": "10.210.6.9",
                            "public_dns": "ec2-54-149-46-249.us-west-2.compute.amazonaws.com",
                            "public_ip": "54.149.46.249",
                            "root_block_device.#": "1",
                            "root_block_device.0.delete_on_termination": "true",
                            "root_block_device.0.iops": "0",
                            "root_block_device.0.volume_size": "15",
                            "root_block_device.0.volume_type": "standard",
                            "security_groups.#": "0",
                            "source_dest_check": "true",
                            "subnet_id": "subnet-c0732689",
                            "tags.%": "1",
                            "tags.Name": "demo",
                            "tenancy": "default",
                            "volume_tags.%": "0",
                            "vpc_security_group_ids.#": "1",
                            "vpc_security_group_ids.2214398810": "sg-55d8e32e"
                        },
                        "meta": {
                            "e2bfb730-ecaa-11e6-8f88-34363bc7c4c0": {
                                "create": 600000000000,
                                "delete": 600000000000,
                                "update": 600000000000
                            },
                            "schema_version": "1"
                        },
                        "tainted": true
                    },
                    "deposed": [],
                    "provider": ""
                },
                "data.terraform_remote_state.sgw2": {
                    "type": "terraform_remote_state",
                    "depends_on": [],
                    "primary": {
                        "id": "2017-06-09 21:22:54.48204175 +0000 UTC",
                        "attributes": {
                            "backend": "s3",
                            "config.%": "3",
                            "config.bucket": "e1-terraform-state",
                            "config.key": "demo/sg-us-west-2/terraform.tfstate",
                            "config.region": "us-east-1",
                            "environment": "default",
                            "id": "2017-06-09 21:22:54.48204175 +0000 UTC",
                            "sg_admin_id": "sg-55d8e32e",
                            "sg_web_id": "sg-69122812"
                        },
                        "meta": {},
                        "tainted": false
                    },
                    "deposed": [],
                    "provider": ""
                },
                "data.terraform_remote_state.vpc": {
                    "type": "terraform_remote_state",
                    "depends_on": [],
                    "primary": {
                        "id": "2017-06-09 21:22:54.567032573 +0000 UTC",
                        "attributes": {
                            "availability_zones.#": "3",
                            "availability_zones.0": "a",
                            "availability_zones.1": "b",
                            "availability_zones.2": "c",
                            "backend": "s3",
                            "cidr": "10.210.0.0/16",
                            "config.%": "3",
                            "config.bucket": "e1-terraform-state",
                            "config.key": "demo/vpc-us-west-2/terraform.tfstate",
                            "config.region": "us-east-1",
                            "ec2_ami": "ami-7c803d1c",
                            "environment": "default",
                            "external_rtb_id": "rtb-b4baddd2",
                            "external_subnets.#": "3",
                            "external_subnets.0": "subnet-c0732689",
                            "external_subnets.1": "subnet-7cddef1b",
                            "external_subnets.2": "subnet-6a5c8131",
                            "id": "2017-06-09 21:22:54.567032573 +0000 UTC",
                            "internal_nat_ips.#": "3",
                            "internal_nat_ips.0": "34.208.205.123",
                            "internal_nat_ips.1": "34.209.168.73",
                            "internal_nat_ips.2": "34.210.18.252",
                            "internal_rtb_id.#": "3",
                            "internal_rtb_id.0": "rtb-e986e18f",
                            "internal_rtb_id.1": "rtb-9bb9defd",
                            "internal_rtb_id.2": "rtb-6187e007",
                            "internal_subnets.#": "3",
                            "internal_subnets.0": "subnet-547c291d",
                            "internal_subnets.1": "subnet-87ddefe0",
                            "internal_subnets.2": "subnet-c85c8193",
                            "name": "demo_w2",
                            "region": "us-west-2",
                            "remote_access.#": "1",
                            "remote_access.0": "2.3.4.5/32",
                            "s3_endpoint_id": "vpce-c97888a0",
                            "security_group": "sg-1bebd060",
                            "vpc_id": "vpc-97cc2df1"
                        },
                        "meta": {},
                        "tainted": false
                    },
                    "deposed": [],
                    "provider": ""
                }
            },
            "depends_on": []
        },
        {
            "path": [
                "root",
                "defaults"
            ],
            "outputs": {
                "cidr": {
                    "sensitive": false,
                    "type": "string",
                    "value": "10.210.0.0/16"
                },
                "ec2_ami": {
                    "sensitive": false,
                    "type": "string",
                    "value": "ami-45224425"
                },
                "reg": {
                    "sensitive": false,
                    "type": "string",
                    "value": "w2"
                },
                "region": {
                    "sensitive": false,
                    "type": "string",
                    "value": "us-west-2"
                },
                "remote_access": {
                    "sensitive": false,
                    "type": "list",
                    "value": [
                        "1.2.3.4/32"
                    ]
                }
            },
            "resources": {},
            "depends_on": []
        }
    ]
}
