{
    "version": 3,
    "terraform_version": "0.9.8",
    "serial": 2,
    "lineage": "26d71092-7128-46e4-ba3c-a23c81b9b941",
    "modules": [
        {
            "path": [
                "root"
            ],
            "outputs": {
                "availability_zones": {
                    "sensitive": false,
                    "type": "list",
                    "value": [
                        "b",
                        "c",
                        "d",
                        "e"
                    ]
                },
                "cidr": {
                    "sensitive": false,
                    "type": "string",
                    "value": "10.200.0.0/16"
                },
                "ec2_ami": {
                    "sensitive": false,
                    "type": "string",
                    "value": "ami-6edd3078"
                },
                "external_rtb_id": {
                    "sensitive": false,
                    "type": "string",
                    "value": "rtb-2669f25e"
                },
                "external_subnets": {
                    "sensitive": false,
                    "type": "list",
                    "value": [
                        "subnet-898626a5",
                        "subnet-2aab3462",
                        "subnet-43da0319",
                        "subnet-e2b193de"
                    ]
                },
                "internal_nat_ips": {
                    "sensitive": false,
                    "type": "list",
                    "value": [
                        "34.206.31.190",
                        "34.225.226.198",
                        "52.205.109.41",
                        "52.20.124.203"
                    ]
                },
                "internal_rtb_id": {
                    "sensitive": false,
                    "type": "list",
                    "value": [
                        "rtb-b768f3cf",
                        "rtb-8c6af1f4",
                        "rtb-da74efa2",
                        "rtb-7568f30d"
                    ]
                },
                "internal_subnets": {
                    "sensitive": false,
                    "type": "list",
                    "value": [
                        "subnet-4087276c",
                        "subnet-8fab34c7",
                        "subnet-87d900dd",
                        "subnet-6eb69452"
                    ]
                },
                "name": {
                    "sensitive": false,
                    "type": "string",
                    "value": "chef_e1"
                },
                "region": {
                    "sensitive": false,
                    "type": "string",
                    "value": "us-east-1"
                },
                "remote_access": {
                    "sensitive": false,
                    "type": "list",
                    "value": [
                        "2.3.4.5/32"
                    ]
                },
                "s3_endpoint_id": {
                    "sensitive": false,
                    "type": "string",
                    "value": "vpce-6a3be603"
                },
                "security_group": {
                    "sensitive": false,
                    "type": "string",
                    "value": "sg-83eef1fd"
                },
                "vpc_id": {
                    "sensitive": false,
                    "type": "string",
                    "value": "vpc-ade13ad4"
                }
            },
            "resources": {
                "data.aws_region.current": {
                    "type": "aws_region",
                    "depends_on": [],
                    "primary": {
                        "id": "us-east-1",
                        "attributes": {
                            "current": "true",
                            "endpoint": "ec2.us-east-1.amazonaws.com",
                            "id": "us-east-1",
                            "name": "us-east-1"
                        },
                        "meta": {},
                        "tainted": false
                    },
                    "deposed": [],
                    "provider": ""
                }
            },
            "depends_on": []
        },
        {
            "path": [
                "root",
                "defaults"
            ],
            "outputs": {
                "cidr": {
                    "sensitive": false,
                    "type": "string",
                    "value": "10.200.0.0/16"
                },
                "ec2_ami": {
                    "sensitive": false,
                    "type": "string",
                    "value": "ami-6edd3078"
                },
                "reg": {
                    "sensitive": false,
                    "type": "string",
                    "value": "e1"
                },
                "region": {
                    "sensitive": false,
                    "type": "string",
                    "value": "us-east-1"
                },
                "remote_access": {
                    "sensitive": false,
                    "type": "list",
                    "value": [
                        "2.3.4.5/32"
                    ]
                }
            },
            "resources": {},
            "depends_on": []
        },
        {
            "path": [
                "root",
                "vpc"
            ],
            "outputs": {
                "availability_zones": {
                    "sensitive": false,
                    "type": "list",
                    "value": [
                        "b",
                        "c",
                        "d",
                        "e"
                    ]
                },
                "cidr": {
                    "sensitive": false,
                    "type": "string",
                    "value": "10.200.0.0/16"
                },
                "external_rtb_id": {
                    "sensitive": false,
                    "type": "string",
                    "value": "rtb-2669f25e"
                },
                "external_subnets": {
                    "sensitive": false,
                    "type": "list",
                    "value": [
                        "subnet-898626a5",
                        "subnet-2aab3462",
                        "subnet-43da0319",
                        "subnet-e2b193de"
                    ]
                },
                "id": {
                    "sensitive": false,
                    "type": "string",
                    "value": "vpc-ade13ad4"
                },
                "internal_nat_ips": {
                    "sensitive": false,
                    "type": "list",
                    "value": [
                        "34.206.31.190",
                        "34.225.226.198",
                        "52.205.109.41",
                        "52.20.124.203"
                    ]
                },
                "internal_rtb_id": {
                    "sensitive": false,
                    "type": "list",
                    "value": [
                        "rtb-b768f3cf",
                        "rtb-8c6af1f4",
                        "rtb-da74efa2",
                        "rtb-7568f30d"
                    ]
                },
                "internal_subnets": {
                    "sensitive": false,
                    "type": "list",
                    "value": [
                        "subnet-4087276c",
                        "subnet-8fab34c7",
                        "subnet-87d900dd",
                        "subnet-6eb69452"
                    ]
                },
                "name": {
                    "sensitive": false,
                    "type": "string",
                    "value": "chef_e1"
                },
                "region": {
                    "sensitive": false,
                    "type": "string",
                    "value": "us-east-1"
                },
                "s3_endpoint_id": {
                    "sensitive": false,
                    "type": "string",
                    "value": "vpce-6a3be603"
                },
                "security_group": {
                    "sensitive": false,
                    "type": "string",
                    "value": "sg-83eef1fd"
                },
                "vpn_gw_id": {
                    "sensitive": false,
                    "type": "string",
                    "value": "vgw-2848a041"
                }
            },
            "resources": {
                "aws_eip.nat.0": {
                    "type": "aws_eip",
                    "depends_on": [],
                    "primary": {
                        "id": "eipalloc-f374bac3",
                        "attributes": {
                            "association_id": "eipassoc-08c4fc3b",
                            "domain": "vpc",
                            "id": "eipalloc-f374bac3",
                            "instance": "",
                            "network_interface": "eni-9574375d",
                            "private_ip": "10.200.4.42",
                            "public_ip": "34.206.31.190",
                            "vpc": "true"
                        },
                        "meta": {},
                        "tainted": false
                    },
                    "deposed": [],
                    "provider": ""
                },
                "aws_eip.nat.1": {
                    "type": "aws_eip",
                    "depends_on": [],
                    "primary": {
                        "id": "eipalloc-2773bd17",
                        "attributes": {
                            "association_id": "eipassoc-d9c6feea",
                            "domain": "vpc",
                            "id": "eipalloc-2773bd17",
                            "instance": "",
                            "network_interface": "eni-1dae2afb",
                            "private_ip": "10.200.8.251",
                            "public_ip": "34.225.226.198",
                            "vpc": "true"
                        },
                        "meta": {},
                        "tainted": false
                    },
                    "deposed": [],
                    "provider": ""
                },
                "aws_eip.nat.2": {
                    "type": "aws_eip",
                    "depends_on": [],
                    "primary": {
                        "id": "eipalloc-ef8940df",
                        "attributes": {
                            "association_id": "eipassoc-0fc4fc3c",
                            "domain": "vpc",
                            "id": "eipalloc-ef8940df",
                            "instance": "",
                            "network_interface": "eni-9aded640",
                            "private_ip": "10.200.23.122",
                            "public_ip": "52.205.109.41",
                            "vpc": "true"
                        },
                        "meta": {},
                        "tainted": false
                    },
                    "deposed": [],
                    "provider": ""
                },
                "aws_eip.nat.3": {
                    "type": "aws_eip",
                    "depends_on": [],
                    "primary": {
                        "id": "eipalloc-09884139",
                        "attributes": {
                            "association_id": "eipassoc-e4b880d7",
                            "domain": "vpc",
                            "id": "eipalloc-09884139",
                            "instance": "",
                            "network_interface": "eni-53955f52",
                            "private_ip": "10.200.25.157",
                            "public_ip": "52.20.124.203",
                            "vpc": "true"
                        },
                        "meta": {},
                        "tainted": false
                    },
                    "deposed": [],
                    "provider": ""
                },
                "aws_internet_gateway.main": {
                    "type": "aws_internet_gateway",
                    "depends_on": [
                        "aws_vpc.main"
                    ],
                    "primary": {
                        "id": "igw-909a0ef6",
                        "attributes": {
                            "id": "igw-909a0ef6",
                            "tags.%": "1",
                            "tags.Name": "chef_e1",
                            "vpc_id": "vpc-ade13ad4"
                        },
                        "meta": {},
                        "tainted": false
                    },
                    "deposed": [],
                    "provider": ""
                },
                "aws_nat_gateway.main.0": {
                    "type": "aws_nat_gateway",
                    "depends_on": [
                        "aws_eip.nat.*",
                        "aws_internet_gateway.main",
                        "aws_subnet.external.*"
                    ],
                    "primary": {
                        "id": "nat-093b22fc5ad59f350",
                        "attributes": {
                            "allocation_id": "eipalloc-f374bac3",
                            "id": "nat-093b22fc5ad59f350",
                            "network_interface_id": "eni-9574375d",
                            "private_ip": "10.200.4.42",
                            "public_ip": "34.206.31.190",
                            "subnet_id": "subnet-898626a5"
                        },
                        "meta": {},
                        "tainted": false
                    },
                    "deposed": [],
                    "provider": ""
                },
                "aws_nat_gateway.main.1": {
                    "type": "aws_nat_gateway",
                    "depends_on": [
                        "aws_eip.nat.*",
                        "aws_internet_gateway.main",
                        "aws_subnet.external.*"
                    ],
                    "primary": {
                        "id": "nat-097e5896936cb0b6c",
                        "attributes": {
                            "allocation_id": "eipalloc-2773bd17",
                            "id": "nat-097e5896936cb0b6c",
                            "network_interface_id": "eni-1dae2afb",
                            "private_ip": "10.200.8.251",
                            "public_ip": "34.225.226.198",
                            "subnet_id": "subnet-2aab3462"
                        },
                        "meta": {},
                        "tainted": false
                    },
                    "deposed": [],
                    "provider": ""
                },
                "aws_nat_gateway.main.2": {
                    "type": "aws_nat_gateway",
                    "depends_on": [
                        "aws_eip.nat.*",
                        "aws_internet_gateway.main",
                        "aws_subnet.external.*"
                    ],
                    "primary": {
                        "id": "nat-0626d8ed889bba556",
                        "attributes": {
                            "allocation_id": "eipalloc-ef8940df",
                            "id": "nat-0626d8ed889bba556",
                            "network_interface_id": "eni-9aded640",
                            "private_ip": "10.200.23.122",
                            "public_ip": "52.205.109.41",
                            "subnet_id": "subnet-43da0319"
                        },
                        "meta": {},
                        "tainted": false
                    },
                    "deposed": [],
                    "provider": ""
                },
                "aws_nat_gateway.main.3": {
                    "type": "aws_nat_gateway",
                    "depends_on": [
                        "aws_eip.nat.*",
                        "aws_internet_gateway.main",
                        "aws_subnet.external.*"
                    ],
                    "primary": {
                        "id": "nat-0a0e6258f85ff679b",
                        "attributes": {
                            "allocation_id": "eipalloc-09884139",
                            "id": "nat-0a0e6258f85ff679b",
                            "network_interface_id": "eni-53955f52",
                            "private_ip": "10.200.25.157",
                            "public_ip": "52.20.124.203",
                            "subnet_id": "subnet-e2b193de"
                        },
                        "meta": {},
                        "tainted": false
                    },
                    "deposed": [],
                    "provider": ""
                },
                "aws_route.external": {
                    "type": "aws_route",
                    "depends_on": [
                        "aws_internet_gateway.main",
                        "aws_route_table.external"
                    ],
                    "primary": {
                        "id": "r-rtb-2669f25e1080289494",
                        "attributes": {
                            "destination_cidr_block": "0.0.0.0/0",
                            "destination_prefix_list_id": "",
                            "egress_only_gateway_id": "",
                            "gateway_id": "igw-909a0ef6",
                            "id": "r-rtb-2669f25e1080289494",
                            "instance_id": "",
                            "instance_owner_id": "",
                            "nat_gateway_id": "",
                            "network_interface_id": "",
                            "origin": "CreateRoute",
                            "route_table_id": "rtb-2669f25e",
                            "state": "active",
                            "vpc_peering_connection_id": ""
                        },
                        "meta": {},
                        "tainted": false
                    },
                    "deposed": [],
                    "provider": ""
                },
                "aws_route.internal.0": {
                    "type": "aws_route",
                    "depends_on": [
                        "aws_nat_gateway.main.*",
                        "aws_route_table.internal.*"
                    ],
                    "primary": {
                        "id": "r-rtb-b768f3cf1080289494",
                        "attributes": {
                            "destination_cidr_block": "0.0.0.0/0",
                            "destination_prefix_list_id": "",
                            "egress_only_gateway_id": "",
                            "gateway_id": "",
                            "id": "r-rtb-b768f3cf1080289494",
                            "instance_id": "",
                            "instance_owner_id": "",
                            "nat_gateway_id": "nat-093b22fc5ad59f350",
                            "network_interface_id": "",
                            "origin": "CreateRoute",
                            "route_table_id": "rtb-b768f3cf",
                            "state": "active",
                            "vpc_peering_connection_id": ""
                        },
                        "meta": {},
                        "tainted": false
                    },
                    "deposed": [],
                    "provider": ""
                },
                "aws_route.internal.1": {
                    "type": "aws_route",
                    "depends_on": [
                        "aws_nat_gateway.main.*",
                        "aws_route_table.internal.*"
                    ],
                    "primary": {
                        "id": "r-rtb-8c6af1f41080289494",
                        "attributes": {
                            "destination_cidr_block": "0.0.0.0/0",
                            "destination_prefix_list_id": "",
                            "egress_only_gateway_id": "",
                            "gateway_id": "",
                            "id": "r-rtb-8c6af1f41080289494",
                            "instance_id": "",
                            "instance_owner_id": "",
                            "nat_gateway_id": "nat-097e5896936cb0b6c",
                            "network_interface_id": "",
                            "origin": "CreateRoute",
                            "route_table_id": "rtb-8c6af1f4",
                            "state": "active",
                            "vpc_peering_connection_id": ""
                        },
                        "meta": {},
                        "tainted": false
                    },
                    "deposed": [],
                    "provider": ""
                },
                "aws_route.internal.2": {
                    "type": "aws_route",
                    "depends_on": [
                        "aws_nat_gateway.main.*",
                        "aws_route_table.internal.*"
                    ],
                    "primary": {
                        "id": "r-rtb-da74efa21080289494",
                        "attributes": {
                            "destination_cidr_block": "0.0.0.0/0",
                            "destination_prefix_list_id": "",
                            "egress_only_gateway_id": "",
                            "gateway_id": "",
                            "id": "r-rtb-da74efa21080289494",
                            "instance_id": "",
                            "instance_owner_id": "",
                            "nat_gateway_id": "nat-0626d8ed889bba556",
                            "network_interface_id": "",
                            "origin": "CreateRoute",
                            "route_table_id": "rtb-da74efa2",
                            "state": "active",
                            "vpc_peering_connection_id": ""
                        },
                        "meta": {},
                        "tainted": false
                    },
                    "deposed": [],
                    "provider": ""
                },
                "aws_route.internal.3": {
                    "type": "aws_route",
                    "depends_on": [
                        "aws_nat_gateway.main.*",
                        "aws_route_table.internal.*"
                    ],
                    "primary": {
                        "id": "r-rtb-7568f30d1080289494",
                        "attributes": {
                            "destination_cidr_block": "0.0.0.0/0",
                            "destination_prefix_list_id": "",
                            "egress_only_gateway_id": "",
                            "gateway_id": "",
                            "id": "r-rtb-7568f30d1080289494",
                            "instance_id": "",
                            "instance_owner_id": "",
                            "nat_gateway_id": "nat-0a0e6258f85ff679b",
                            "network_interface_id": "",
                            "origin": "CreateRoute",
                            "route_table_id": "rtb-7568f30d",
                            "state": "active",
                            "vpc_peering_connection_id": ""
                        },
                        "meta": {},
                        "tainted": false
                    },
                    "deposed": [],
                    "provider": ""
                },
                "aws_route_table.external": {
                    "type": "aws_route_table",
                    "depends_on": [
                        "aws_vpc.main",
                        "aws_vpn_gateway.main"
                    ],
                    "primary": {
                        "id": "rtb-2669f25e",
                        "attributes": {
                            "id": "rtb-2669f25e",
                            "propagating_vgws.#": "1",
                            "propagating_vgws.2981958951": "vgw-2848a041",
                            "route.#": "1",
                            "route.587352315.cidr_block": "0.0.0.0/0",
                            "route.587352315.egress_only_gateway_id": "",
                            "route.587352315.gateway_id": "igw-909a0ef6",
                            "route.587352315.instance_id": "",
                            "route.587352315.ipv6_cidr_block": "",
                            "route.587352315.nat_gateway_id": "",
                            "route.587352315.network_interface_id": "",
                            "route.587352315.vpc_peering_connection_id": "",
                            "tags.%": "1",
                            "tags.Name": "chef_e1-external",
                            "vpc_id": "vpc-ade13ad4"
                        },
                        "meta": {},
                        "tainted": false
                    },
                    "deposed": [],
                    "provider": ""
                },
                "aws_route_table.internal.0": {
                    "type": "aws_route_table",
                    "depends_on": [
                        "aws_vpc.main",
                        "aws_vpn_gateway.main"
                    ],
                    "primary": {
                        "id": "rtb-b768f3cf",
                        "attributes": {
                            "id": "rtb-b768f3cf",
                            "propagating_vgws.#": "1",
                            "propagating_vgws.2981958951": "vgw-2848a041",
                            "route.#": "1",
                            "route.1165084387.cidr_block": "0.0.0.0/0",
                            "route.1165084387.egress_only_gateway_id": "",
                            "route.1165084387.gateway_id": "",
                            "route.1165084387.instance_id": "",
                            "route.1165084387.ipv6_cidr_block": "",
                            "route.1165084387.nat_gateway_id": "nat-093b22fc5ad59f350",
                            "route.1165084387.network_interface_id": "",
                            "route.1165084387.vpc_peering_connection_id": "",
                            "tags.%": "1",
                            "tags.Name": "chef_e1-int-b",
                            "vpc_id": "vpc-ade13ad4"
                        },
                        "meta": {},
                        "tainted": false
                    },
                    "deposed": [],
                    "provider": ""
                },
                "aws_route_table.internal.1": {
                    "type": "aws_route_table",
                    "depends_on": [
                        "aws_vpc.main",
                        "aws_vpn_gateway.main"
                    ],
                    "primary": {
                        "id": "rtb-8c6af1f4",
                        "attributes": {
                            "id": "rtb-8c6af1f4",
                            "propagating_vgws.#": "1",
                            "propagating_vgws.2981958951": "vgw-2848a041",
                            "route.#": "1",
                            "route.427124474.cidr_block": "0.0.0.0/0",
                            "route.427124474.egress_only_gateway_id": "",
                            "route.427124474.gateway_id": "",
                            "route.427124474.instance_id": "",
                            "route.427124474.ipv6_cidr_block": "",
                            "route.427124474.nat_gateway_id": "nat-097e5896936cb0b6c",
                            "route.427124474.network_interface_id": "",
                            "route.427124474.vpc_peering_connection_id": "",
                            "tags.%": "1",
                            "tags.Name": "chef_e1-int-c",
                            "vpc_id": "vpc-ade13ad4"
                        },
                        "meta": {},
                        "tainted": false
                    },
                    "deposed": [],
                    "provider": ""
                },
                "aws_route_table.internal.2": {
                    "type": "aws_route_table",
                    "depends_on": [
                        "aws_vpc.main",
                        "aws_vpn_gateway.main"
                    ],
                    "primary": {
                        "id": "rtb-da74efa2",
                        "attributes": {
                            "id": "rtb-da74efa2",
                            "propagating_vgws.#": "1",
                            "propagating_vgws.2981958951": "vgw-2848a041",
                            "route.#": "1",
                            "route.3559550024.cidr_block": "0.0.0.0/0",
                            "route.3559550024.egress_only_gateway_id": "",
                            "route.3559550024.gateway_id": "",
                            "route.3559550024.instance_id": "",
                            "route.3559550024.ipv6_cidr_block": "",
                            "route.3559550024.nat_gateway_id": "nat-0626d8ed889bba556",
                            "route.3559550024.network_interface_id": "",
                            "route.3559550024.vpc_peering_connection_id": "",
                            "tags.%": "1",
                            "tags.Name": "chef_e1-int-d",
                            "vpc_id": "vpc-ade13ad4"
                        },
                        "meta": {},
                        "tainted": false
                    },
                    "deposed": [],
                    "provider": ""
                },
                "aws_route_table.internal.3": {
                    "type": "aws_route_table",
                    "depends_on": [
                        "aws_vpc.main",
                        "aws_vpn_gateway.main"
                    ],
                    "primary": {
                        "id": "rtb-7568f30d",
                        "attributes": {
                            "id": "rtb-7568f30d",
                            "propagating_vgws.#": "1",
                            "propagating_vgws.2981958951": "vgw-2848a041",
                            "route.#": "1",
                            "route.2084510725.cidr_block": "0.0.0.0/0",
                            "route.2084510725.egress_only_gateway_id": "",
                            "route.2084510725.gateway_id": "",
                            "route.2084510725.instance_id": "",
                            "route.2084510725.ipv6_cidr_block": "",
                            "route.2084510725.nat_gateway_id": "nat-0a0e6258f85ff679b",
                            "route.2084510725.network_interface_id": "",
                            "route.2084510725.vpc_peering_connection_id": "",
                            "tags.%": "1",
                            "tags.Name": "chef_e1-int-e",
                            "vpc_id": "vpc-ade13ad4"
                        },
                        "meta": {},
                        "tainted": false
                    },
                    "deposed": [],
                    "provider": ""
                },
                "aws_route_table_association.external.0": {
                    "type": "aws_route_table_association",
                    "depends_on": [
                        "aws_route_table.external",
                        "aws_subnet.external.*"
                    ],
                    "primary": {
                        "id": "rtbassoc-a96622d2",
                        "attributes": {
                            "id": "rtbassoc-a96622d2",
                            "route_table_id": "rtb-2669f25e",
                            "subnet_id": "subnet-898626a5"
                        },
                        "meta": {},
                        "tainted": false
                    },
                    "deposed": [],
                    "provider": ""
                },
                "aws_route_table_association.external.1": {
                    "type": "aws_route_table_association",
                    "depends_on": [
                        "aws_route_table.external",
                        "aws_subnet.external.*"
                    ],
                    "primary": {
                        "id": "rtbassoc-aa6622d1",
                        "attributes": {
                            "id": "rtbassoc-aa6622d1",
                            "route_table_id": "rtb-2669f25e",
                            "subnet_id": "subnet-2aab3462"
                        },
                        "meta": {},
                        "tainted": false
                    },
                    "deposed": [],
                    "provider": ""
                },
                "aws_route_table_association.external.2": {
                    "type": "aws_route_table_association",
                    "depends_on": [
                        "aws_route_table.external",
                        "aws_subnet.external.*"
                    ],
                    "primary": {
                        "id": "rtbassoc-c25a1eb9",
                        "attributes": {
                            "id": "rtbassoc-c25a1eb9",
                            "route_table_id": "rtb-2669f25e",
                            "subnet_id": "subnet-43da0319"
                        },
                        "meta": {},
                        "tainted": false
                    },
                    "deposed": [],
                    "provider": ""
                },
                "aws_route_table_association.external.3": {
                    "type": "aws_route_table_association",
                    "depends_on": [
                        "aws_route_table.external",
                        "aws_subnet.external.*"
                    ],
                    "primary": {
                        "id": "rtbassoc-f2642089",
                        "attributes": {
                            "id": "rtbassoc-f2642089",
                            "route_table_id": "rtb-2669f25e",
                            "subnet_id": "subnet-e2b193de"
                        },
                        "meta": {},
                        "tainted": false
                    },
                    "deposed": [],
                    "provider": ""
                },
                "aws_route_table_association.internal.0": {
                    "type": "aws_route_table_association",
                    "depends_on": [
                        "aws_route_table.internal.*",
                        "aws_subnet.internal.*"
                    ],
                    "primary": {
                        "id": "rtbassoc-c15a1eba",
                        "attributes": {
                            "id": "rtbassoc-c15a1eba",
                            "route_table_id": "rtb-b768f3cf",
                            "subnet_id": "subnet-4087276c"
                        },
                        "meta": {},
                        "tainted": false
                    },
                    "deposed": [],
                    "provider": ""
                },
                "aws_route_table_association.internal.1": {
                    "type": "aws_route_table_association",
                    "depends_on": [
                        "aws_route_table.internal.*",
                        "aws_subnet.internal.*"
                    ],
                    "primary": {
                        "id": "rtbassoc-0c581c77",
                        "attributes": {
                            "id": "rtbassoc-0c581c77",
                            "route_table_id": "rtb-8c6af1f4",
                            "subnet_id": "subnet-8fab34c7"
                        },
                        "meta": {},
                        "tainted": false
                    },
                    "deposed": [],
                    "provider": ""
                },
                "aws_route_table_association.internal.2": {
                    "type": "aws_route_table_association",
                    "depends_on": [
                        "aws_route_table.internal.*",
                        "aws_subnet.internal.*"
                    ],
                    "primary": {
                        "id": "rtbassoc-215a1e5a",
                        "attributes": {
                            "id": "rtbassoc-215a1e5a",
                            "route_table_id": "rtb-da74efa2",
                            "subnet_id": "subnet-87d900dd"
                        },
                        "meta": {},
                        "tainted": false
                    },
                    "deposed": [],
                    "provider": ""
                },
                "aws_route_table_association.internal.3": {
                    "type": "aws_route_table_association",
                    "depends_on": [
                        "aws_route_table.internal.*",
                        "aws_subnet.internal.*"
                    ],
                    "primary": {
                        "id": "rtbassoc-8a6420f1",
                        "attributes": {
                            "id": "rtbassoc-8a6420f1",
                            "route_table_id": "rtb-7568f30d",
                            "subnet_id": "subnet-6eb69452"
                        },
                        "meta": {},
                        "tainted": false
                    },
                    "deposed": [],
                    "provider": ""
                },
                "aws_subnet.external.0": {
                    "type": "aws_subnet",
                    "depends_on": [
                        "aws_vpc.main"
                    ],
                    "primary": {
                        "id": "subnet-898626a5",
                        "attributes": {
                            "assign_ipv6_address_on_creation": "false",
                            "availability_zone": "us-east-1b",
                            "cidr_block": "10.200.0.0/21",
                            "id": "subnet-898626a5",
                            "map_public_ip_on_launch": "true",
                            "tags.%": "1",
                            "tags.Name": "chef_e1-ext-b",
                            "vpc_id": "vpc-ade13ad4"
                        },
                        "meta": {
                            "schema_version": "1"
                        },
                        "tainted": false
                    },
                    "deposed": [],
                    "provider": ""
                },
                "aws_subnet.external.1": {
                    "type": "aws_subnet",
                    "depends_on": [
                        "aws_vpc.main"
                    ],
                    "primary": {
                        "id": "subnet-2aab3462",
                        "attributes": {
                            "assign_ipv6_address_on_creation": "false",
                            "availability_zone": "us-east-1c",
                            "cidr_block": "10.200.8.0/21",
                            "id": "subnet-2aab3462",
                            "map_public_ip_on_launch": "true",
                            "tags.%": "1",
                            "tags.Name": "chef_e1-ext-c",
                            "vpc_id": "vpc-ade13ad4"
                        },
                        "meta": {
                            "schema_version": "1"
                        },
                        "tainted": false
                    },
                    "deposed": [],
                    "provider": ""
                },
                "aws_subnet.external.2": {
                    "type": "aws_subnet",
                    "depends_on": [
                        "aws_vpc.main"
                    ],
                    "primary": {
                        "id": "subnet-43da0319",
                        "attributes": {
                            "assign_ipv6_address_on_creation": "false",
                            "availability_zone": "us-east-1d",
                            "cidr_block": "10.200.16.0/21",
                            "id": "subnet-43da0319",
                            "map_public_ip_on_launch": "true",
                            "tags.%": "1",
                            "tags.Name": "chef_e1-ext-d",
                            "vpc_id": "vpc-ade13ad4"
                        },
                        "meta": {
                            "schema_version": "1"
                        },
                        "tainted": false
                    },
                    "deposed": [],
                    "provider": ""
                },
                "aws_subnet.external.3": {
                    "type": "aws_subnet",
                    "depends_on": [
                        "aws_vpc.main"
                    ],
                    "primary": {
                        "id": "subnet-e2b193de",
                        "attributes": {
                            "assign_ipv6_address_on_creation": "false",
                            "availability_zone": "us-east-1e",
                            "cidr_block": "10.200.24.0/21",
                            "id": "subnet-e2b193de",
                            "map_public_ip_on_launch": "true",
                            "tags.%": "1",
                            "tags.Name": "chef_e1-ext-e",
                            "vpc_id": "vpc-ade13ad4"
                        },
                        "meta": {
                            "schema_version": "1"
                        },
                        "tainted": false
                    },
                    "deposed": [],
                    "provider": ""
                },
                "aws_subnet.internal.0": {
                    "type": "aws_subnet",
                    "depends_on": [
                        "aws_vpc.main"
                    ],
                    "primary": {
                        "id": "subnet-4087276c",
                        "attributes": {
                            "assign_ipv6_address_on_creation": "false",
                            "availability_zone": "us-east-1b",
                            "cidr_block": "10.200.32.0/21",
                            "id": "subnet-4087276c",
                            "map_public_ip_on_launch": "false",
                            "tags.%": "1",
                            "tags.Name": "chef_e1-int-b",
                            "vpc_id": "vpc-ade13ad4"
                        },
                        "meta": {
                            "schema_version": "1"
                        },
                        "tainted": false
                    },
                    "deposed": [],
                    "provider": ""
                },
                "aws_subnet.internal.1": {
                    "type": "aws_subnet",
                    "depends_on": [
                        "aws_vpc.main"
                    ],
                    "primary": {
                        "id": "subnet-8fab34c7",
                        "attributes": {
                            "assign_ipv6_address_on_creation": "false",
                            "availability_zone": "us-east-1c",
                            "cidr_block": "10.200.40.0/21",
                            "id": "subnet-8fab34c7",
                            "map_public_ip_on_launch": "false",
                            "tags.%": "1",
                            "tags.Name": "chef_e1-int-c",
                            "vpc_id": "vpc-ade13ad4"
                        },
                        "meta": {
                            "schema_version": "1"
                        },
                        "tainted": false
                    },
                    "deposed": [],
                    "provider": ""
                },
                "aws_subnet.internal.2": {
                    "type": "aws_subnet",
                    "depends_on": [
                        "aws_vpc.main"
                    ],
                    "primary": {
                        "id": "subnet-87d900dd",
                        "attributes": {
                            "assign_ipv6_address_on_creation": "false",
                            "availability_zone": "us-east-1d",
                            "cidr_block": "10.200.48.0/21",
                            "id": "subnet-87d900dd",
                            "map_public_ip_on_launch": "false",
                            "tags.%": "1",
                            "tags.Name": "chef_e1-int-d",
                            "vpc_id": "vpc-ade13ad4"
                        },
                        "meta": {
                            "schema_version": "1"
                        },
                        "tainted": false
                    },
                    "deposed": [],
                    "provider": ""
                },
                "aws_subnet.internal.3": {
                    "type": "aws_subnet",
                    "depends_on": [
                        "aws_vpc.main"
                    ],
                    "primary": {
                        "id": "subnet-6eb69452",
                        "attributes": {
                            "assign_ipv6_address_on_creation": "false",
                            "availability_zone": "us-east-1e",
                            "cidr_block": "10.200.56.0/21",
                            "id": "subnet-6eb69452",
                            "map_public_ip_on_launch": "false",
                            "tags.%": "1",
                            "tags.Name": "chef_e1-int-e",
                            "vpc_id": "vpc-ade13ad4"
                        },
                        "meta": {
                            "schema_version": "1"
                        },
                        "tainted": false
                    },
                    "deposed": [],
                    "provider": ""
                },
                "aws_vpc.main": {
                    "type": "aws_vpc",
                    "depends_on": [],
                    "primary": {
                        "id": "vpc-ade13ad4",
                        "attributes": {
                            "assign_generated_ipv6_cidr_block": "false",
                            "cidr_block": "10.200.0.0/16",
                            "default_network_acl_id": "acl-b92e6ac0",
                            "default_route_table_id": "rtb-486cf730",
                            "default_security_group_id": "sg-83eef1fd",
                            "dhcp_options_id": "dopt-7eba5d18",
                            "enable_classiclink": "false",
                            "enable_dns_hostnames": "true",
                            "enable_dns_support": "true",
                            "id": "vpc-ade13ad4",
                            "instance_tenancy": "default",
                            "main_route_table_id": "rtb-486cf730",
                            "tags.%": "1",
                            "tags.Name": "chef_e1"
                        },
                        "meta": {
                            "schema_version": "1"
                        },
                        "tainted": false
                    },
                    "deposed": [],
                    "provider": ""
                },
                "aws_vpc_endpoint.main-endpoint-s3": {
                    "type": "aws_vpc_endpoint",
                    "depends_on": [
                        "aws_route_table.external",
                        "aws_route_table.internal.*",
                        "aws_vpc.main"
                    ],
                    "primary": {
                        "id": "vpce-6a3be603",
                        "attributes": {
                            "cidr_blocks.#": "2",
                            "cidr_blocks.0": "54.231.0.0/17",
                            "cidr_blocks.1": "52.216.0.0/15",
                            "id": "vpce-6a3be603",
                            "policy": "{\"Statement\":[{\"Action\":\"*\",\"Effect\":\"Allow\",\"Principal\":\"*\",\"Resource\":\"*\"}],\"Version\":\"2008-10-17\"}",
                            "prefix_list_id": "pl-63a5400a",
                            "route_table_ids.#": "5",
                            "route_table_ids.2414968227": "rtb-2669f25e",
                            "route_table_ids.2615030346": "rtb-da74efa2",
                            "route_table_ids.3224104462": "rtb-7568f30d",
                            "route_table_ids.3892572893": "rtb-8c6af1f4",
                            "route_table_ids.904555838": "rtb-b768f3cf",
                            "service_name": "com.amazonaws.us-east-1.s3",
                            "vpc_id": "vpc-ade13ad4"
                        },
                        "meta": {},
                        "tainted": false
                    },
                    "deposed": [],
                    "provider": ""
                },
                "aws_vpn_gateway.main": {
                    "type": "aws_vpn_gateway",
                    "depends_on": [
                        "aws_vpc.main"
                    ],
                    "primary": {
                        "id": "vgw-2848a041",
                        "attributes": {
                            "id": "vgw-2848a041",
                            "tags.%": "1",
                            "tags.Name": "chef_e1",
                            "vpc_id": "vpc-ade13ad4"
                        },
                        "meta": {},
                        "tainted": false
                    },
                    "deposed": [],
                    "provider": ""
                },
                "aws_vpn_gateway_attachment.vpn_gw_attachment": {
                    "type": "aws_vpn_gateway_attachment",
                    "depends_on": [
                        "aws_vpc.main",
                        "aws_vpn_gateway.main"
                    ],
                    "primary": {
                        "id": "vpn-attachment-9016ce43",
                        "attributes": {
                            "id": "vpn-attachment-9016ce43",
                            "vpc_id": "vpc-ade13ad4",
                            "vpn_gateway_id": "vgw-2848a041"
                        },
                        "meta": {},
                        "tainted": false
                    },
                    "deposed": [],
                    "provider": ""
                }
            },
            "depends_on": []
        }
    ]
}
