{
    "version": 3,
    "terraform_version": "0.9.8",
    "serial": 2,
    "lineage": "56c1cd30-8657-4d9b-a35c-ff4d00093d37",
    "modules": [
        {
            "path": [
                "root"
            ],
            "outputs": {
                "sg_admin_id": {
                    "sensitive": false,
                    "type": "string",
                    "value": "sg-55d8e32e"
                }
            },
            "resources": {
                "data.aws_region.current": {
                    "type": "aws_region",
                    "depends_on": [],
                    "primary": {
                        "id": "us-west-2",
                        "attributes": {
                            "current": "true",
                            "endpoint": "ec2.us-west-2.amazonaws.com",
                            "id": "us-west-2",
                            "name": "us-west-2"
                        },
                        "meta": {},
                        "tainted": false
                    },
                    "deposed": [],
                    "provider": ""
                },
                "data.terraform_remote_state.vpc": {
                    "type": "terraform_remote_state",
                    "depends_on": [],
                    "primary": {
                        "id": "2017-06-09 18:38:53.74392848 +0000 UTC",
                        "attributes": {
                            "availability_zones.#": "3",
                            "availability_zones.0": "a",
                            "availability_zones.1": "b",
                            "availability_zones.2": "c",
                            "backend": "s3",
                            "cidr": "10.210.0.0/16",
                            "config.%": "3",
                            "config.bucket": "e1-terraform-state",
                            "config.key": "demo/vpc-us-west-2/terraform.tfstate",
                            "config.region": "us-east-1",
                            "ec2_ami": "ami-7c803d1c",
                            "environment": "default",
                            "external_rtb_id": "rtb-b4baddd2",
                            "external_subnets.#": "3",
                            "external_subnets.0": "subnet-c0732689",
                            "external_subnets.1": "subnet-7cddef1b",
                            "external_subnets.2": "subnet-6a5c8131",
                            "id": "2017-06-09 18:38:53.74392848 +0000 UTC",
                            "internal_nat_ips.#": "3",
                            "internal_nat_ips.0": "34.208.205.123",
                            "internal_nat_ips.1": "34.209.168.73",
                            "internal_nat_ips.2": "34.210.18.252",
                            "internal_rtb_id.#": "3",
                            "internal_rtb_id.0": "rtb-e986e18f",
                            "internal_rtb_id.1": "rtb-9bb9defd",
                            "internal_rtb_id.2": "rtb-6187e007",
                            "internal_subnets.#": "3",
                            "internal_subnets.0": "subnet-547c291d",
                            "internal_subnets.1": "subnet-87ddefe0",
                            "internal_subnets.2": "subnet-c85c8193",
                            "name": "demo_w2",
                            "region": "us-west-2",
                            "remote_access.#": "1",
                            "remote_access.0": "2.3.4.5/32",
                            "s3_endpoint_id": "vpce-c97888a0",
                            "security_group": "sg-1bebd060",
                            "vpc_id": "vpc-97cc2df1"
                        },
                        "meta": {},
                        "tainted": false
                    },
                    "deposed": [],
                    "provider": ""
                }
            },
            "depends_on": []
        },
        {
            "path": [
                "root",
                "sg-admin"
            ],
            "outputs": {
                "sec_gr_id": {
                    "sensitive": false,
                    "type": "string",
                    "value": "sg-55d8e32e"
                }
            },
            "resources": {
                "aws_security_group.sec_gr": {
                    "type": "aws_security_group",
                    "depends_on": [],
                    "primary": {
                        "id": "sg-55d8e32e",
                        "attributes": {
                            "description": "Security group to allow remote/ssh access, icmp traffic and access to VPC endpoints, to attach on all machines",
                            "egress.#": "1",
                            "egress.1403647648.cidr_blocks.#": "1",
                            "egress.1403647648.cidr_blocks.0": "0.0.0.0/0",
                            "egress.1403647648.from_port": "0",
                            "egress.1403647648.ipv6_cidr_blocks.#": "0",
                            "egress.1403647648.prefix_list_ids.#": "0",
                            "egress.1403647648.protocol": "tcp",
                            "egress.1403647648.security_groups.#": "0",
                            "egress.1403647648.self": "false",
                            "egress.1403647648.to_port": "65535",
                            "id": "sg-55d8e32e",
                            "ingress.#": "3",
                            "ingress.186389254.cidr_blocks.#": "1",
                            "ingress.186389254.cidr_blocks.0": "0.0.0.0/0",
                            "ingress.186389254.from_port": "30",
                            "ingress.186389254.ipv6_cidr_blocks.#": "0",
                            "ingress.186389254.protocol": "icmp",
                            "ingress.186389254.security_groups.#": "0",
                            "ingress.186389254.self": "false",
                            "ingress.186389254.to_port": "0",
                            "ingress.2541437006.cidr_blocks.#": "1",
                            "ingress.2541437006.cidr_blocks.0": "0.0.0.0/0",
                            "ingress.2541437006.from_port": "22",
                            "ingress.2541437006.ipv6_cidr_blocks.#": "0",
                            "ingress.2541437006.protocol": "tcp",
                            "ingress.2541437006.security_groups.#": "0",
                            "ingress.2541437006.self": "false",
                            "ingress.2541437006.to_port": "22",
                            "ingress.3544538468.cidr_blocks.#": "0",
                            "ingress.3544538468.from_port": "0",
                            "ingress.3544538468.ipv6_cidr_blocks.#": "0",
                            "ingress.3544538468.protocol": "tcp",
                            "ingress.3544538468.security_groups.#": "0",
                            "ingress.3544538468.self": "true",
                            "ingress.3544538468.to_port": "65535",
                            "name": "demo_w2_admin",
                            "owner_id": "618006557616",
                            "tags.%": "1",
                            "tags.Name": "demo_w2_admin",
                            "vpc_id": "vpc-97cc2df1"
                        },
                        "meta": {},
                        "tainted": false
                    },
                    "deposed": [],
                    "provider": ""
                },
                "aws_security_group_rule.in_allow_self": {
                    "type": "aws_security_group_rule",
                    "depends_on": [
                        "aws_security_group.sec_gr"
                    ],
                    "primary": {
                        "id": "sgrule-107115844",
                        "attributes": {
                            "cidr_blocks.#": "0",
                            "from_port": "0",
                            "id": "sgrule-107115844",
                            "ipv6_cidr_blocks.#": "0",
                            "prefix_list_ids.#": "0",
                            "protocol": "tcp",
                            "security_group_id": "sg-55d8e32e",
                            "self": "true",
                            "source_security_group_id": "sg-55d8e32e",
                            "to_port": "65535",
                            "type": "ingress"
                        },
                        "meta": {
                            "schema_version": "2"
                        },
                        "tainted": false
                    },
                    "deposed": [],
                    "provider": ""
                },
                "aws_security_group_rule.out_allow_all": {
                    "type": "aws_security_group_rule",
                    "depends_on": [
                        "aws_security_group.sec_gr"
                    ],
                    "primary": {
                        "id": "sgrule-3056396655",
                        "attributes": {
                            "cidr_blocks.#": "1",
                            "cidr_blocks.0": "0.0.0.0/0",
                            "from_port": "0",
                            "id": "sgrule-3056396655",
                            "ipv6_cidr_blocks.#": "0",
                            "prefix_list_ids.#": "0",
                            "protocol": "tcp",
                            "security_group_id": "sg-55d8e32e",
                            "self": "false",
                            "to_port": "65535",
                            "type": "egress"
                        },
                        "meta": {
                            "schema_version": "2"
                        },
                        "tainted": false
                    },
                    "deposed": [],
                    "provider": ""
                }
            },
            "depends_on": []
        },
        {
            "path": [
                "root",
                "sg-admin-rule-icmp"
            ],
            "outputs": {
                "sec_gr_rule_from_port": {
                    "sensitive": false,
                    "type": "string",
                    "value": "30"
                },
                "sec_gr_rule_id": {
                    "sensitive": false,
                    "type": "string",
                    "value": "sgrule-4073928604"
                },
                "sec_gr_rule_protocol": {
                    "sensitive": false,
                    "type": "string",
                    "value": "icmp"
                },
                "sec_gr_rule_to_port": {
                    "sensitive": false,
                    "type": "string",
                    "value": "0"
                },
                "sec_gr_rule_type": {
                    "sensitive": false,
                    "type": "string",
                    "value": "ingress"
                }
            },
            "resources": {
                "aws_security_group_rule.sec_gr_rule": {
                    "type": "aws_security_group_rule",
                    "depends_on": [],
                    "primary": {
                        "id": "sgrule-4073928604",
                        "attributes": {
                            "cidr_blocks.#": "1",
                            "cidr_blocks.0": "0.0.0.0/0",
                            "from_port": "30",
                            "id": "sgrule-4073928604",
                            "ipv6_cidr_blocks.#": "0",
                            "prefix_list_ids.#": "0",
                            "protocol": "icmp",
                            "security_group_id": "sg-55d8e32e",
                            "self": "false",
                            "to_port": "0",
                            "type": "ingress"
                        },
                        "meta": {
                            "schema_version": "2"
                        },
                        "tainted": false
                    },
                    "deposed": [],
                    "provider": ""
                }
            },
            "depends_on": []
        },
        {
            "path": [
                "root",
                "sg-admin-rule-ssh"
            ],
            "outputs": {
                "sec_gr_rule_from_port": {
                    "sensitive": false,
                    "type": "string",
                    "value": "22"
                },
                "sec_gr_rule_id": {
                    "sensitive": false,
                    "type": "string",
                    "value": "sgrule-3763540027"
                },
                "sec_gr_rule_protocol": {
                    "sensitive": false,
                    "type": "string",
                    "value": "tcp"
                },
                "sec_gr_rule_to_port": {
                    "sensitive": false,
                    "type": "string",
                    "value": "22"
                },
                "sec_gr_rule_type": {
                    "sensitive": false,
                    "type": "string",
                    "value": "ingress"
                }
            },
            "resources": {
                "aws_security_group_rule.sec_gr_rule": {
                    "type": "aws_security_group_rule",
                    "depends_on": [],
                    "primary": {
                        "id": "sgrule-3763540027",
                        "attributes": {
                            "cidr_blocks.#": "1",
                            "cidr_blocks.0": "0.0.0.0/0",
                            "from_port": "22",
                            "id": "sgrule-3763540027",
                            "ipv6_cidr_blocks.#": "0",
                            "prefix_list_ids.#": "0",
                            "protocol": "tcp",
                            "security_group_id": "sg-55d8e32e",
                            "self": "false",
                            "to_port": "22",
                            "type": "ingress"
                        },
                        "meta": {
                            "schema_version": "2"
                        },
                        "tainted": false
                    },
                    "deposed": [],
                    "provider": ""
                }
            },
            "depends_on": []
        },
        {
            "path": [
                "root",
                "sg-web"
            ],
            "outputs": {},
            "resources": {},
            "depends_on": []
        },
        {
            "path": [
                "root",
                "sg-web-rule-http"
            ],
            "outputs": {
                "sec_gr_rule_from_port": {
                    "sensitive": false,
                    "type": "string",
                    "value": "80"
                },
                "sec_gr_rule_protocol": {
                    "sensitive": false,
                    "type": "string",
                    "value": "tcp"
                },
                "sec_gr_rule_to_port": {
                    "sensitive": false,
                    "type": "string",
                    "value": "80"
                },
                "sec_gr_rule_type": {
                    "sensitive": false,
                    "type": "string",
                    "value": "ingress"
                }
            },
            "resources": {},
            "depends_on": []
        }
    ]
}
