{
    "version": 3,
    "terraform_version": "0.9.8",
    "serial": 5,
    "lineage": "c34b936e-08f5-4685-abca-929a882b1073",
    "modules": [
        {
            "path": [
                "root"
            ],
            "outputs": {
                "availability_zones": {
                    "sensitive": false,
                    "type": "list",
                    "value": [
                        "a",
                        "b",
                        "c"
                    ]
                },
                "cidr": {
                    "sensitive": false,
                    "type": "string",
                    "value": "10.210.0.0/16"
                },
                "ec2_ami": {
                    "sensitive": false,
                    "type": "string",
                    "value": "ami-7c803d1c"
                },
                "external_rtb_id": {
                    "sensitive": false,
                    "type": "string",
                    "value": "rtb-b4baddd2"
                },
                "external_subnets": {
                    "sensitive": false,
                    "type": "list",
                    "value": [
                        "subnet-c0732689",
                        "subnet-7cddef1b",
                        "subnet-6a5c8131"
                    ]
                },
                "internal_nat_ips": {
                    "sensitive": false,
                    "type": "list",
                    "value": [
                        "34.208.205.123",
                        "34.209.168.73",
                        "34.210.18.252"
                    ]
                },
                "internal_rtb_id": {
                    "sensitive": false,
                    "type": "list",
                    "value": [
                        "rtb-e986e18f",
                        "rtb-9bb9defd",
                        "rtb-6187e007"
                    ]
                },
                "internal_subnets": {
                    "sensitive": false,
                    "type": "list",
                    "value": [
                        "subnet-547c291d",
                        "subnet-87ddefe0",
                        "subnet-c85c8193"
                    ]
                },
                "name": {
                    "sensitive": false,
                    "type": "string",
                    "value": "demo_w2"
                },
                "region": {
                    "sensitive": false,
                    "type": "string",
                    "value": "us-west-2"
                },
                "remote_access": {
                    "sensitive": false,
                    "type": "list",
                    "value": [
                        "2.3.4.5/32"
                    ]
                },
                "s3_endpoint_id": {
                    "sensitive": false,
                    "type": "string",
                    "value": "vpce-c97888a0"
                },
                "security_group": {
                    "sensitive": false,
                    "type": "string",
                    "value": "sg-1bebd060"
                },
                "vpc_id": {
                    "sensitive": false,
                    "type": "string",
                    "value": "vpc-97cc2df1"
                }
            },
            "resources": {
                "data.aws_region.current": {
                    "type": "aws_region",
                    "depends_on": [],
                    "primary": {
                        "id": "us-west-2",
                        "attributes": {
                            "current": "true",
                            "endpoint": "ec2.us-west-2.amazonaws.com",
                            "id": "us-west-2",
                            "name": "us-west-2"
                        },
                        "meta": {},
                        "tainted": false
                    },
                    "deposed": [],
                    "provider": ""
                }
            },
            "depends_on": []
        },
        {
            "path": [
                "root",
                "defaults"
            ],
            "outputs": {
                "cidr": {
                    "sensitive": false,
                    "type": "string",
                    "value": "10.210.0.0/16"
                },
                "ec2_ami": {
                    "sensitive": false,
                    "type": "string",
                    "value": "ami-7c803d1c"
                },
                "reg": {
                    "sensitive": false,
                    "type": "string",
                    "value": "w2"
                },
                "region": {
                    "sensitive": false,
                    "type": "string",
                    "value": "us-west-2"
                },
                "remote_access": {
                    "sensitive": false,
                    "type": "list",
                    "value": [
                        "2.3.4.5/32"
                    ]
                }
            },
            "resources": {},
            "depends_on": []
        },
        {
            "path": [
                "root",
                "vpc"
            ],
            "outputs": {
                "availability_zones": {
                    "sensitive": false,
                    "type": "list",
                    "value": [
                        "a",
                        "b",
                        "c"
                    ]
                },
                "cidr": {
                    "sensitive": false,
                    "type": "string",
                    "value": "10.210.0.0/16"
                },
                "external_rtb_id": {
                    "sensitive": false,
                    "type": "string",
                    "value": "rtb-b4baddd2"
                },
                "external_subnets": {
                    "sensitive": false,
                    "type": "list",
                    "value": [
                        "subnet-c0732689",
                        "subnet-7cddef1b",
                        "subnet-6a5c8131"
                    ]
                },
                "id": {
                    "sensitive": false,
                    "type": "string",
                    "value": "vpc-97cc2df1"
                },
                "internal_nat_ips": {
                    "sensitive": false,
                    "type": "list",
                    "value": [
                        "34.208.205.123",
                        "34.209.168.73",
                        "34.210.18.252"
                    ]
                },
                "internal_rtb_id": {
                    "sensitive": false,
                    "type": "list",
                    "value": [
                        "rtb-e986e18f",
                        "rtb-9bb9defd",
                        "rtb-6187e007"
                    ]
                },
                "internal_subnets": {
                    "sensitive": false,
                    "type": "list",
                    "value": [
                        "subnet-547c291d",
                        "subnet-87ddefe0",
                        "subnet-c85c8193"
                    ]
                },
                "name": {
                    "sensitive": false,
                    "type": "string",
                    "value": "demo_w2"
                },
                "region": {
                    "sensitive": false,
                    "type": "string",
                    "value": "us-west-2"
                },
                "s3_endpoint_id": {
                    "sensitive": false,
                    "type": "string",
                    "value": "vpce-c97888a0"
                },
                "security_group": {
                    "sensitive": false,
                    "type": "string",
                    "value": "sg-1bebd060"
                },
                "vpn_gw_id": {
                    "sensitive": false,
                    "type": "string",
                    "value": "vgw-14e43f0a"
                }
            },
            "resources": {
                "aws_eip.nat.0": {
                    "type": "aws_eip",
                    "depends_on": [],
                    "primary": {
                        "id": "eipalloc-e982a7d3",
                        "attributes": {
                            "association_id": "",
                            "domain": "vpc",
                            "id": "eipalloc-e982a7d3",
                            "instance": "",
                            "network_interface": "",
                            "private_ip": "",
                            "public_ip": "34.208.205.123",
                            "vpc": "true"
                        },
                        "meta": {},
                        "tainted": false
                    },
                    "deposed": [],
                    "provider": ""
                },
                "aws_eip.nat.1": {
                    "type": "aws_eip",
                    "depends_on": [],
                    "primary": {
                        "id": "eipalloc-4482a77e",
                        "attributes": {
                            "association_id": "",
                            "domain": "vpc",
                            "id": "eipalloc-4482a77e",
                            "instance": "",
                            "network_interface": "",
                            "private_ip": "",
                            "public_ip": "34.209.168.73",
                            "vpc": "true"
                        },
                        "meta": {},
                        "tainted": false
                    },
                    "deposed": [],
                    "provider": ""
                },
                "aws_eip.nat.2": {
                    "type": "aws_eip",
                    "depends_on": [],
                    "primary": {
                        "id": "eipalloc-7780a54d",
                        "attributes": {
                            "association_id": "",
                            "domain": "vpc",
                            "id": "eipalloc-7780a54d",
                            "instance": "",
                            "network_interface": "",
                            "private_ip": "",
                            "public_ip": "34.210.18.252",
                            "vpc": "true"
                        },
                        "meta": {},
                        "tainted": false
                    },
                    "deposed": [],
                    "provider": ""
                },
                "aws_internet_gateway.main": {
                    "type": "aws_internet_gateway",
                    "depends_on": [
                        "aws_vpc.main"
                    ],
                    "primary": {
                        "id": "igw-6b6ab40c",
                        "attributes": {
                            "id": "igw-6b6ab40c",
                            "tags.%": "1",
                            "tags.Name": "demo_w2",
                            "vpc_id": "vpc-97cc2df1"
                        },
                        "meta": {},
                        "tainted": false
                    },
                    "deposed": [],
                    "provider": ""
                },
                "aws_nat_gateway.main.0": {
                    "type": "aws_nat_gateway",
                    "depends_on": [
                        "aws_eip.nat.*",
                        "aws_internet_gateway.main",
                        "aws_subnet.external.*"
                    ],
                    "primary": {
                        "id": "nat-052aad6b5ba05a37a",
                        "attributes": {
                            "allocation_id": "eipalloc-e982a7d3",
                            "id": "nat-052aad6b5ba05a37a",
                            "network_interface_id": "eni-25993119",
                            "private_ip": "10.210.3.124",
                            "public_ip": "34.208.205.123",
                            "subnet_id": "subnet-c0732689"
                        },
                        "meta": {},
                        "tainted": false
                    },
                    "deposed": [],
                    "provider": ""
                },
                "aws_nat_gateway.main.1": {
                    "type": "aws_nat_gateway",
                    "depends_on": [
                        "aws_eip.nat.*",
                        "aws_internet_gateway.main",
                        "aws_subnet.external.*"
                    ],
                    "primary": {
                        "id": "nat-0c66a2414c8ff8c35",
                        "attributes": {
                            "allocation_id": "eipalloc-4482a77e",
                            "id": "nat-0c66a2414c8ff8c35",
                            "network_interface_id": "eni-d40b6afe",
                            "private_ip": "10.210.9.230",
                            "public_ip": "34.209.168.73",
                            "subnet_id": "subnet-7cddef1b"
                        },
                        "meta": {},
                        "tainted": false
                    },
                    "deposed": [],
                    "provider": ""
                },
                "aws_nat_gateway.main.2": {
                    "type": "aws_nat_gateway",
                    "depends_on": [
                        "aws_eip.nat.*",
                        "aws_internet_gateway.main",
                        "aws_subnet.external.*"
                    ],
                    "primary": {
                        "id": "nat-0fbdbbd09f8681d7a",
                        "attributes": {
                            "allocation_id": "eipalloc-7780a54d",
                            "id": "nat-0fbdbbd09f8681d7a",
                            "network_interface_id": "eni-420fcd4c",
                            "private_ip": "10.210.23.116",
                            "public_ip": "34.210.18.252",
                            "subnet_id": "subnet-6a5c8131"
                        },
                        "meta": {},
                        "tainted": false
                    },
                    "deposed": [],
                    "provider": ""
                },
                "aws_route.external": {
                    "type": "aws_route",
                    "depends_on": [
                        "aws_internet_gateway.main",
                        "aws_route_table.external"
                    ],
                    "primary": {
                        "id": "r-rtb-b4baddd21080289494",
                        "attributes": {
                            "destination_cidr_block": "0.0.0.0/0",
                            "destination_prefix_list_id": "",
                            "egress_only_gateway_id": "",
                            "gateway_id": "igw-6b6ab40c",
                            "id": "r-rtb-b4baddd21080289494",
                            "instance_id": "",
                            "instance_owner_id": "",
                            "nat_gateway_id": "",
                            "network_interface_id": "",
                            "origin": "CreateRoute",
                            "route_table_id": "rtb-b4baddd2",
                            "state": "active",
                            "vpc_peering_connection_id": ""
                        },
                        "meta": {},
                        "tainted": false
                    },
                    "deposed": [],
                    "provider": ""
                },
                "aws_route.internal.0": {
                    "type": "aws_route",
                    "depends_on": [
                        "aws_nat_gateway.main.*",
                        "aws_route_table.internal.*"
                    ],
                    "primary": {
                        "id": "r-rtb-e986e18f1080289494",
                        "attributes": {
                            "destination_cidr_block": "0.0.0.0/0",
                            "destination_prefix_list_id": "",
                            "egress_only_gateway_id": "",
                            "gateway_id": "",
                            "id": "r-rtb-e986e18f1080289494",
                            "instance_id": "",
                            "instance_owner_id": "",
                            "nat_gateway_id": "nat-052aad6b5ba05a37a",
                            "network_interface_id": "",
                            "origin": "CreateRoute",
                            "route_table_id": "rtb-e986e18f",
                            "state": "active",
                            "vpc_peering_connection_id": ""
                        },
                        "meta": {},
                        "tainted": false
                    },
                    "deposed": [],
                    "provider": ""
                },
                "aws_route.internal.1": {
                    "type": "aws_route",
                    "depends_on": [
                        "aws_nat_gateway.main.*",
                        "aws_route_table.internal.*"
                    ],
                    "primary": {
                        "id": "r-rtb-9bb9defd1080289494",
                        "attributes": {
                            "destination_cidr_block": "0.0.0.0/0",
                            "destination_prefix_list_id": "",
                            "egress_only_gateway_id": "",
                            "gateway_id": "",
                            "id": "r-rtb-9bb9defd1080289494",
                            "instance_id": "",
                            "instance_owner_id": "",
                            "nat_gateway_id": "nat-0c66a2414c8ff8c35",
                            "network_interface_id": "",
                            "origin": "CreateRoute",
                            "route_table_id": "rtb-9bb9defd",
                            "state": "active",
                            "vpc_peering_connection_id": ""
                        },
                        "meta": {},
                        "tainted": false
                    },
                    "deposed": [],
                    "provider": ""
                },
                "aws_route.internal.2": {
                    "type": "aws_route",
                    "depends_on": [
                        "aws_nat_gateway.main.*",
                        "aws_route_table.internal.*"
                    ],
                    "primary": {
                        "id": "r-rtb-6187e0071080289494",
                        "attributes": {
                            "destination_cidr_block": "0.0.0.0/0",
                            "destination_prefix_list_id": "",
                            "egress_only_gateway_id": "",
                            "gateway_id": "",
                            "id": "r-rtb-6187e0071080289494",
                            "instance_id": "",
                            "instance_owner_id": "",
                            "nat_gateway_id": "nat-0fbdbbd09f8681d7a",
                            "network_interface_id": "",
                            "origin": "CreateRoute",
                            "route_table_id": "rtb-6187e007",
                            "state": "active",
                            "vpc_peering_connection_id": ""
                        },
                        "meta": {},
                        "tainted": false
                    },
                    "deposed": [],
                    "provider": ""
                },
                "aws_route_table.external": {
                    "type": "aws_route_table",
                    "depends_on": [
                        "aws_vpc.main",
                        "aws_vpn_gateway.main"
                    ],
                    "primary": {
                        "id": "rtb-b4baddd2",
                        "attributes": {
                            "id": "rtb-b4baddd2",
                            "propagating_vgws.#": "1",
                            "propagating_vgws.4236398392": "vgw-14e43f0a",
                            "route.#": "0",
                            "tags.%": "1",
                            "tags.Name": "demo_w2-external",
                            "vpc_id": "vpc-97cc2df1"
                        },
                        "meta": {},
                        "tainted": false
                    },
                    "deposed": [],
                    "provider": ""
                },
                "aws_route_table.internal.0": {
                    "type": "aws_route_table",
                    "depends_on": [
                        "aws_vpc.main",
                        "aws_vpn_gateway.main"
                    ],
                    "primary": {
                        "id": "rtb-e986e18f",
                        "attributes": {
                            "id": "rtb-e986e18f",
                            "propagating_vgws.#": "1",
                            "propagating_vgws.4236398392": "vgw-14e43f0a",
                            "route.#": "0",
                            "tags.%": "1",
                            "tags.Name": "demo_w2-int-a",
                            "vpc_id": "vpc-97cc2df1"
                        },
                        "meta": {},
                        "tainted": false
                    },
                    "deposed": [],
                    "provider": ""
                },
                "aws_route_table.internal.1": {
                    "type": "aws_route_table",
                    "depends_on": [
                        "aws_vpc.main",
                        "aws_vpn_gateway.main"
                    ],
                    "primary": {
                        "id": "rtb-9bb9defd",
                        "attributes": {
                            "id": "rtb-9bb9defd",
                            "propagating_vgws.#": "1",
                            "propagating_vgws.4236398392": "vgw-14e43f0a",
                            "route.#": "0",
                            "tags.%": "1",
                            "tags.Name": "demo_w2-int-b",
                            "vpc_id": "vpc-97cc2df1"
                        },
                        "meta": {},
                        "tainted": false
                    },
                    "deposed": [],
                    "provider": ""
                },
                "aws_route_table.internal.2": {
                    "type": "aws_route_table",
                    "depends_on": [
                        "aws_vpc.main",
                        "aws_vpn_gateway.main"
                    ],
                    "primary": {
                        "id": "rtb-6187e007",
                        "attributes": {
                            "id": "rtb-6187e007",
                            "propagating_vgws.#": "1",
                            "propagating_vgws.4236398392": "vgw-14e43f0a",
                            "route.#": "0",
                            "tags.%": "1",
                            "tags.Name": "demo_w2-int-c",
                            "vpc_id": "vpc-97cc2df1"
                        },
                        "meta": {},
                        "tainted": false
                    },
                    "deposed": [],
                    "provider": ""
                },
                "aws_route_table_association.external.0": {
                    "type": "aws_route_table_association",
                    "depends_on": [
                        "aws_route_table.external",
                        "aws_subnet.external.*"
                    ],
                    "primary": {
                        "id": "rtbassoc-d92148a0",
                        "attributes": {
                            "id": "rtbassoc-d92148a0",
                            "route_table_id": "rtb-b4baddd2",
                            "subnet_id": "subnet-c0732689"
                        },
                        "meta": {},
                        "tainted": false
                    },
                    "deposed": [],
                    "provider": ""
                },
                "aws_route_table_association.external.1": {
                    "type": "aws_route_table_association",
                    "depends_on": [
                        "aws_route_table.external",
                        "aws_subnet.external.*"
                    ],
                    "primary": {
                        "id": "rtbassoc-3e2c4547",
                        "attributes": {
                            "id": "rtbassoc-3e2c4547",
                            "route_table_id": "rtb-b4baddd2",
                            "subnet_id": "subnet-7cddef1b"
                        },
                        "meta": {},
                        "tainted": false
                    },
                    "deposed": [],
                    "provider": ""
                },
                "aws_route_table_association.external.2": {
                    "type": "aws_route_table_association",
                    "depends_on": [
                        "aws_route_table.external",
                        "aws_subnet.external.*"
                    ],
                    "primary": {
                        "id": "rtbassoc-932d44ea",
                        "attributes": {
                            "id": "rtbassoc-932d44ea",
                            "route_table_id": "rtb-b4baddd2",
                            "subnet_id": "subnet-6a5c8131"
                        },
                        "meta": {},
                        "tainted": false
                    },
                    "deposed": [],
                    "provider": ""
                },
                "aws_route_table_association.internal.0": {
                    "type": "aws_route_table_association",
                    "depends_on": [
                        "aws_route_table.internal.*",
                        "aws_subnet.internal.*"
                    ],
                    "primary": {
                        "id": "rtbassoc-f22d448b",
                        "attributes": {
                            "id": "rtbassoc-f22d448b",
                            "route_table_id": "rtb-e986e18f",
                            "subnet_id": "subnet-547c291d"
                        },
                        "meta": {},
                        "tainted": false
                    },
                    "deposed": [],
                    "provider": ""
                },
                "aws_route_table_association.internal.1": {
                    "type": "aws_route_table_association",
                    "depends_on": [
                        "aws_route_table.internal.*",
                        "aws_subnet.internal.*"
                    ],
                    "primary": {
                        "id": "rtbassoc-bc2049c5",
                        "attributes": {
                            "id": "rtbassoc-bc2049c5",
                            "route_table_id": "rtb-9bb9defd",
                            "subnet_id": "subnet-87ddefe0"
                        },
                        "meta": {},
                        "tainted": false
                    },
                    "deposed": [],
                    "provider": ""
                },
                "aws_route_table_association.internal.2": {
                    "type": "aws_route_table_association",
                    "depends_on": [
                        "aws_route_table.internal.*",
                        "aws_subnet.internal.*"
                    ],
                    "primary": {
                        "id": "rtbassoc-e52e479c",
                        "attributes": {
                            "id": "rtbassoc-e52e479c",
                            "route_table_id": "rtb-6187e007",
                            "subnet_id": "subnet-c85c8193"
                        },
                        "meta": {},
                        "tainted": false
                    },
                    "deposed": [],
                    "provider": ""
                },
                "aws_subnet.external.0": {
                    "type": "aws_subnet",
                    "depends_on": [
                        "aws_vpc.main"
                    ],
                    "primary": {
                        "id": "subnet-c0732689",
                        "attributes": {
                            "assign_ipv6_address_on_creation": "false",
                            "availability_zone": "us-west-2a",
                            "cidr_block": "10.210.0.0/21",
                            "id": "subnet-c0732689",
                            "map_public_ip_on_launch": "true",
                            "tags.%": "1",
                            "tags.Name": "demo_w2-ext-a",
                            "vpc_id": "vpc-97cc2df1"
                        },
                        "meta": {
                            "schema_version": "1"
                        },
                        "tainted": false
                    },
                    "deposed": [],
                    "provider": ""
                },
                "aws_subnet.external.1": {
                    "type": "aws_subnet",
                    "depends_on": [
                        "aws_vpc.main"
                    ],
                    "primary": {
                        "id": "subnet-7cddef1b",
                        "attributes": {
                            "assign_ipv6_address_on_creation": "false",
                            "availability_zone": "us-west-2b",
                            "cidr_block": "10.210.8.0/21",
                            "id": "subnet-7cddef1b",
                            "map_public_ip_on_launch": "true",
                            "tags.%": "1",
                            "tags.Name": "demo_w2-ext-b",
                            "vpc_id": "vpc-97cc2df1"
                        },
                        "meta": {
                            "schema_version": "1"
                        },
                        "tainted": false
                    },
                    "deposed": [],
                    "provider": ""
                },
                "aws_subnet.external.2": {
                    "type": "aws_subnet",
                    "depends_on": [
                        "aws_vpc.main"
                    ],
                    "primary": {
                        "id": "subnet-6a5c8131",
                        "attributes": {
                            "assign_ipv6_address_on_creation": "false",
                            "availability_zone": "us-west-2c",
                            "cidr_block": "10.210.16.0/21",
                            "id": "subnet-6a5c8131",
                            "map_public_ip_on_launch": "true",
                            "tags.%": "1",
                            "tags.Name": "demo_w2-ext-c",
                            "vpc_id": "vpc-97cc2df1"
                        },
                        "meta": {
                            "schema_version": "1"
                        },
                        "tainted": false
                    },
                    "deposed": [],
                    "provider": ""
                },
                "aws_subnet.internal.0": {
                    "type": "aws_subnet",
                    "depends_on": [
                        "aws_vpc.main"
                    ],
                    "primary": {
                        "id": "subnet-547c291d",
                        "attributes": {
                            "assign_ipv6_address_on_creation": "false",
                            "availability_zone": "us-west-2a",
                            "cidr_block": "10.210.32.0/21",
                            "id": "subnet-547c291d",
                            "map_public_ip_on_launch": "false",
                            "tags.%": "1",
                            "tags.Name": "demo_w2-int-a",
                            "vpc_id": "vpc-97cc2df1"
                        },
                        "meta": {
                            "schema_version": "1"
                        },
                        "tainted": false
                    },
                    "deposed": [],
                    "provider": ""
                },
                "aws_subnet.internal.1": {
                    "type": "aws_subnet",
                    "depends_on": [
                        "aws_vpc.main"
                    ],
                    "primary": {
                        "id": "subnet-87ddefe0",
                        "attributes": {
                            "assign_ipv6_address_on_creation": "false",
                            "availability_zone": "us-west-2b",
                            "cidr_block": "10.210.40.0/21",
                            "id": "subnet-87ddefe0",
                            "map_public_ip_on_launch": "false",
                            "tags.%": "1",
                            "tags.Name": "demo_w2-int-b",
                            "vpc_id": "vpc-97cc2df1"
                        },
                        "meta": {
                            "schema_version": "1"
                        },
                        "tainted": false
                    },
                    "deposed": [],
                    "provider": ""
                },
                "aws_subnet.internal.2": {
                    "type": "aws_subnet",
                    "depends_on": [
                        "aws_vpc.main"
                    ],
                    "primary": {
                        "id": "subnet-c85c8193",
                        "attributes": {
                            "assign_ipv6_address_on_creation": "false",
                            "availability_zone": "us-west-2c",
                            "cidr_block": "10.210.48.0/21",
                            "id": "subnet-c85c8193",
                            "map_public_ip_on_launch": "false",
                            "tags.%": "1",
                            "tags.Name": "demo_w2-int-c",
                            "vpc_id": "vpc-97cc2df1"
                        },
                        "meta": {
                            "schema_version": "1"
                        },
                        "tainted": false
                    },
                    "deposed": [],
                    "provider": ""
                },
                "aws_vpc.main": {
                    "type": "aws_vpc",
                    "depends_on": [],
                    "primary": {
                        "id": "vpc-97cc2df1",
                        "attributes": {
                            "assign_generated_ipv6_cidr_block": "false",
                            "cidr_block": "10.210.0.0/16",
                            "default_network_acl_id": "acl-941bb8f2",
                            "default_route_table_id": "rtb-6387e005",
                            "default_security_group_id": "sg-1bebd060",
                            "dhcp_options_id": "dopt-dae3a8bd",
                            "enable_classiclink": "false",
                            "enable_dns_hostnames": "true",
                            "enable_dns_support": "true",
                            "id": "vpc-97cc2df1",
                            "instance_tenancy": "default",
                            "main_route_table_id": "rtb-6387e005",
                            "tags.%": "1",
                            "tags.Name": "demo_w2"
                        },
                        "meta": {
                            "schema_version": "1"
                        },
                        "tainted": false
                    },
                    "deposed": [],
                    "provider": ""
                },
                "aws_vpc_endpoint.main-endpoint-s3": {
                    "type": "aws_vpc_endpoint",
                    "depends_on": [
                        "aws_route_table.external",
                        "aws_route_table.internal.*",
                        "aws_vpc.main"
                    ],
                    "primary": {
                        "id": "vpce-c97888a0",
                        "attributes": {
                            "cidr_blocks.#": "3",
                            "cidr_blocks.0": "54.231.160.0/19",
                            "cidr_blocks.1": "52.218.128.0/17",
                            "cidr_blocks.2": "52.92.32.0/22",
                            "id": "vpce-c97888a0",
                            "policy": "{\"Statement\":[{\"Action\":\"*\",\"Effect\":\"Allow\",\"Principal\":\"*\",\"Resource\":\"*\"}],\"Version\":\"2008-10-17\"}",
                            "prefix_list_id": "pl-68a54001",
                            "route_table_ids.#": "4",
                            "route_table_ids.1185112940": "rtb-b4baddd2",
                            "route_table_ids.2718248411": "rtb-6187e007",
                            "route_table_ids.2723430260": "rtb-e986e18f",
                            "route_table_ids.3077908495": "rtb-9bb9defd",
                            "service_name": "com.amazonaws.us-west-2.s3",
                            "vpc_id": "vpc-97cc2df1"
                        },
                        "meta": {},
                        "tainted": false
                    },
                    "deposed": [],
                    "provider": ""
                },
                "aws_vpn_gateway.main": {
                    "type": "aws_vpn_gateway",
                    "depends_on": [
                        "aws_vpc.main"
                    ],
                    "primary": {
                        "id": "vgw-14e43f0a",
                        "attributes": {
                            "id": "vgw-14e43f0a",
                            "tags.%": "1",
                            "tags.Name": "demo_w2",
                            "vpc_id": "vpc-97cc2df1"
                        },
                        "meta": {},
                        "tainted": false
                    },
                    "deposed": [],
                    "provider": ""
                },
                "aws_vpn_gateway_attachment.vpn_gw_attachment": {
                    "type": "aws_vpn_gateway_attachment",
                    "depends_on": [
                        "aws_vpc.main",
                        "aws_vpn_gateway.main"
                    ],
                    "primary": {
                        "id": "vpn-attachment-e0b5018f",
                        "attributes": {
                            "id": "vpn-attachment-e0b5018f",
                            "vpc_id": "vpc-97cc2df1",
                            "vpn_gateway_id": "vgw-14e43f0a"
                        },
                        "meta": {},
                        "tainted": false
                    },
                    "deposed": [],
                    "provider": ""
                }
            },
            "depends_on": []
        }
    ]
}
